
Microsoft Visual Studio Solution File, Format Version 12.00
# Visual Studio Version 16
VisualStudioVersion = 16.0.31729.503
MinimumVisualStudioVersion = 10.0.40219.1
Project("{9A19103F-16F7-4668-BE54-9A1E7A4F7556}") = "Clinik.API", "Clinik.API\Clinik.API.csproj", "{FC401E35-18A9-49D7-8710-6EF0AF762DE3}"
EndProject
Project("{FAE04EC0-301F-11D3-BF4B-00C04F79EFBC}") = "Clinik.Domain", "Clinik.Domain\Clinik.Domain.csproj", "{F1E71223-F4B7-462A-BB20-9E6BB3F72F70}"
EndProject
Project("{FAE04EC0-301F-11D3-BF4B-00C04F79EFBC}") = "Clinik.Infra", "Clinik.Infra\Clinik.Infra.csproj", "{641350D8-8C14-46FC-898E-8142C89D6930}"
EndProject
Global
	GlobalSection(SolutionConfigurationPlatforms) = preSolution
		Debug|Any CPU = Debug|Any CPU
		Release|Any CPU = Release|Any CPU
	EndGlobalSection
	GlobalSection(ProjectConfigurationPlatforms) = postSolution
		{FC401E35-18A9-49D7-8710-6EF0AF762DE3}.Debug|Any CPU.ActiveCfg = Debug|Any CPU
		{FC401E35-18A9-49D7-8710-6EF0AF762DE3}.Debug|Any CPU.Build.0 = Debug|Any CPU
		{FC401E35-18A9-49D7-8710-6EF0AF762DE3}.Release|Any CPU.ActiveCfg = Release|Any CPU
		{FC401E35-18A9-49D7-8710-6EF0AF762DE3}.Release|Any CPU.Build.0 = Release|Any CPU
		{F1E71223-F4B7-462A-BB20-9E6BB3F72F70}.Debug|Any CPU.ActiveCfg = Debug|Any CPU
		{F1E71223-F4B7-462A-BB20-9E6BB3F72F70}.Debug|Any CPU.Build.0 = Debug|Any CPU
		{F1E71223-F4B7-462A-BB20-9E6BB3F72F70}.Release|Any CPU.ActiveCfg = Release|Any CPU
		{F1E71223-F4B7-462A-BB20-9E6BB3F72F70}.Release|Any CPU.Build.0 = Release|Any CPU
		{641350D8-8C14-46FC-898E-8142C89D6930}.Debug|Any CPU.ActiveCfg = Debug|Any CPU
		{641350D8-8C14-46FC-898E-8142C89D6930}.Debug|Any CPU.Build.0 = Debug|Any CPU
		{641350D8-8C14-46FC-898E-8142C89D6930}.Release|Any CPU.ActiveCfg = Release|Any CPU
		{641350D8-8C14-46FC-898E-8142C89D6930}.Release|Any CPU.Build.0 = Release|Any CPU
	EndGlobalSection
	GlobalSection(SolutionProperties) = preSolution
		HideSolutionNode = FALSE
	EndGlobalSection
	GlobalSection(ExtensibilityGlobals) = postSolution
		SolutionGuid = {D476595D-FFCD-4E2E-A9F4-471378FA6695}
	EndGlobalSection
EndGlobal
